// !$*UTF8*$!
{
	archiveVersion = 1;
	classes = {
	};
	objectVersion = 50;
	objects = {

/* Begin PBXBuildFile section */
		9C23EE452374CB9800AD889E /* AppDelegate.swift in Sources */ = {isa = PBXBuildFile; fileRef = 9C23EE442374CB9800AD889E /* AppDelegate.swift */; };
		9C23EE472374CB9800AD889E /* SceneDelegate.swift in Sources */ = {isa = PBXBuildFile; fileRef = 9C23EE462374CB9800AD889E /* SceneDelegate.swift */; };
		9C23EE492374CB9800AD889E /* ViewController.swift in Sources */ = {isa = PBXBuildFile; fileRef = 9C23EE482374CB9800AD889E /* ViewController.swift */; };
		9C23EE4C2374CB9800AD889E /* Main.storyboard in Resources */ = {isa = PBXBuildFile; fileRef = 9C23EE4A2374CB9800AD889E /* Main.storyboard */; };
		9C23EE4F2374CB9800AD889E /* RegForm.xcdatamodeld in Sources */ = {isa = PBXBuildFile; fileRef = 9C23EE4D2374CB9800AD889E /* RegForm.xcdatamodeld */; };
		9C23EE512374CB9900AD889E /* Assets.xcassets in Resources */ = {isa = PBXBuildFile; fileRef = 9C23EE502374CB9900AD889E /* Assets.xcassets */; };
		9C23EE542374CB9A00AD889E /* LaunchScreen.storyboard in Resources */ = {isa = PBXBuildFile; fileRef = 9C23EE522374CB9A00AD889E /* LaunchScreen.storyboard */; };
		9C23EE5C2374CD2800AD889E /* 11096.otf in Resources */ = {isa = PBXBuildFile; fileRef = 9C23EE5B2374CD2800AD889E /* 11096.otf */; };
		9C23EE5E237511E900AD889E /* data.swift in Sources */ = {isa = PBXBuildFile; fileRef = 9C23EE5D237511E900AD889E /* data.swift */; };
		9C23EE60237522AD00AD889E /* FetchResult.swift in Sources */ = {isa = PBXBuildFile; fileRef = 9C23EE5F237522AD00AD889E /* FetchResult.swift */; };
/* End PBXBuildFile section */

/* Begin PBXFileReference section */
		9C23EE412374CB9800AD889E /* RegForm.app */ = {isa = PBXFileReference; explicitFileType = wrapper.application; includeInIndex = 0; path = RegForm.app; sourceTree = BUILT_PRODUCTS_DIR; };
		9C23EE442374CB9800AD889E /* AppDelegate.swift */ = {isa = PBXFileReference; lastKnownFileType = sourcecode.swift; path = AppDelegate.swift; sourceTree = "<group>"; };
		9C23EE462374CB9800AD889E /* SceneDelegate.swift */ = {isa = PBXFileReference; lastKnownFileType = sourcecode.swift; path = SceneDelegate.swift; sourceTree = "<group>"; };
		9C23EE482374CB9800AD889E /* ViewController.swift */ = {isa = PBXFileReference; lastKnownFileType = sourcecode.swift; path = ViewController.swift; sourceTree = "<group>"; };
		9C23EE4B2374CB9800AD889E /* Base */ = {isa = PBXFileReference; lastKnownFileType = file.storyboard; name = Base; path = Base.lproj/Main.storyboard; sourceTree = "<group>"; };
		9C23EE4E2374CB9800AD889E /* RegForm.xcdatamodel */ = {isa = PBXFileReference; lastKnownFileType = wrapper.xcdatamodel; path = RegForm.xcdatamodel; sourceTree = "<group>"; };
		9C23EE502374CB9900AD889E /* Assets.xcassets */ = {isa = PBXFileReference; lastKnownFileType = folder.assetcatalog; path = Assets.xcassets; sourceTree = "<group>"; };
		9C23EE532374CB9A00AD889E /* Base */ = {isa = PBXFileReference; lastKnownFileType = file.storyboard; name = Base; path = Base.lproj/LaunchScreen.storyboard; sourceTree = "<group>"; };
		9C23EE552374CB9A00AD889E /* Info.plist */ = {isa = PBXFileReference; lastKnownFileType = text.plist.xml; path = Info.plist; sourceTree = "<group>"; };
		9C23EE5B2374CD2800AD889E /* 11096.otf */ = {isa = PBXFileReference; lastKnownFileType = file; path = 11096.otf; sourceTree = "<group>"; };
		9C23EE5D237511E900AD889E /* data.swift */ = {isa = PBXFileReference; lastKnownFileType = sourcecode.swift; path = data.swift; sourceTree = "<group>"; };
		9C23EE5F237522AD00AD889E /* FetchResult.swift */ = {isa = PBXFileReference; lastKnownFileType = sourcecode.swift; path = FetchResult.swift; sourceTree = "<group>"; };
/* End PBXFileReference section */

/* Begin PBXFrameworksBuildPhase section */
		9C23EE3E2374CB9800AD889E /* Frameworks */ = {
			isa = PBXFrameworksBuildPhase;
			buildActionMask = 2147483647;
			files = (
			);
			runOnlyForDeploymentPostprocessing = 0;
		};
/* End PBXFrameworksBuildPhase section */

/* Begin PBXGroup section */
		9C23EE382374CB9800AD889E = {
			isa = PBXGroup;
			children = (
				9C23EE432374CB9800AD889E /* RegForm */,
				9C23EE422374CB9800AD889E /* Products */,
			);
			sourceTree = "<group>";
		};
		9C23EE422374CB9800AD889E /* Products */ = {
			isa = PBXGroup;
			children = (
				9C23EE412374CB9800AD889E /* RegForm.app */,
			);
			name = Products;
			sourceTree = "<group>";
		};
		9C23EE432374CB9800AD889E /* RegForm */ = {
			isa = PBXGroup;
			children = (
				9C23EE5B2374CD2800AD889E /* 11096.otf */,
				9C23EE442374CB9800AD889E /* AppDelegate.swift */,
				9C23EE5D237511E900AD889E /* data.swift */,
				9C23EE462374CB9800AD889E /* SceneDelegate.swift */,
				9C23EE482374CB9800AD889E /* ViewController.swift */,
				9C23EE5F237522AD00AD889E /* FetchResult.swift */,
				9C23EE4A2374CB9800AD889E /* Main.storyboard */,
				9C23EE502374CB9900AD889E /* Assets.xcassets */,
				9C23EE522374CB9A00AD889E /* LaunchScreen.storyboard */,
				9C23EE552374CB9A00AD889E /* Info.plist */,
				9C23EE4D2374CB9800AD889E /* RegForm.xcdatamodeld */,
			);
			path = RegForm;
			sourceTree = "<group>";
		};
/* End PBXGroup section */

/* Begin PBXNativeTarget section */
		9C23EE402374CB9800AD889E /* RegForm */ = {
			isa = PBXNativeTarget;
			buildConfigurationList = 9C23EE582374CB9A00AD889E /* Build configuration list for PBXNativeTarget "RegForm" */;
			buildPhases = (
				9C23EE3D2374CB9800AD889E /* Sources */,
				9C23EE3E2374CB9800AD889E /* Frameworks */,
				9C23EE3F2374CB9800AD889E /* Resources */,
			);
			buildRules = (
			);
			dependencies = (
			);
			name = RegForm;
			productName = RegForm;
			productReference = 9C23EE412374CB9800AD889E /* RegForm.app */;
			productType = "com.apple.product-type.application";
		};
/* End PBXNativeTarget section */

/* Begin PBXProject section */
		9C23EE392374CB9800AD889E /* Project object */ = {
			isa = PBXProject;
			attributes = {
				LastSwiftUpdateCheck = 1110;
				LastUpgradeCheck = 1110;
				ORGANIZATIONNAME = "Alexander Volkov";
				TargetAttributes = {
					9C23EE402374CB9800AD889E = {
						CreatedOnToolsVersion = 11.1;
					};
				};
			};
			buildConfigurationList = 9C23EE3C2374CB9800AD889E /* Build configuration list for PBXProject "RegForm" */;
			compatibilityVersion = "Xcode 9.3";
			developmentRegion = en;
			hasScannedForEncodings = 0;
			knownRegions = (
				en,
				Base,
			);
			mainGroup = 9C23EE382374CB9800AD889E;
			productRefGroup = 9C23EE422374CB9800AD889E /* Products */;
			projectDirPath = "";
			projectRoot = "";
			targets = (
				9C23EE402374CB9800AD889E /* RegForm */,
			);
		};
/* End PBXProject section */

/* Begin PBXResourcesBuildPhase section */
		9C23EE3F2374CB9800AD889E /* Resources */ = {
			isa = PBXResourcesBuildPhase;
			buildActionMask = 2147483647;
			files = (
				9C23EE542374CB9A00AD889E /* LaunchScreen.storyboard in Resources */,
				9C23EE5C2374CD2800AD889E /* 11096.otf in Resources */,
				9C23EE512374CB9900AD889E /* Assets.xcassets in Resources */,
				9C23EE4C2374CB9800AD889E /* Main.storyboard in Resources */,
			);
			runOnlyForDeploymentPostprocessing = 0;
		};
/* End PBXResourcesBuildPhase section */

/* Begin PBXSourcesBuildPhase section */
		9C23EE3D2374CB9800AD889E /* Sources */ = {
			isa = PBXSourcesBuildPhase;
			buildActionMask = 2147483647;
			files = (
				9C23EE492374CB9800AD889E /* ViewController.swift in Sources */,
				9C23EE452374CB9800AD889E /* AppDelegate.swift in Sources */,
				9C23EE4F2374CB9800AD889E /* RegForm.xcdatamodeld in Sources */,
				9C23EE5E237511E900AD889E /* data.swift in Sources */,
				9C23EE472374CB9800AD889E /* SceneDelegate.swift in Sources */,
				9C23EE60237522AD00AD889E /* FetchResult.swift in Sources */,
			);
			runOnlyForDeploymentPostprocessing = 0;
		};
/* End PBXSourcesBuildPhase section */

/* Begin PBXVariantGroup section */
		9C23EE4A2374CB9800AD889E /* Main.storyboard */ = {
			isa = PBXVariantGroup;
			children = (
				9C23EE4B2374CB9800AD889E /* Base */,
			);
			name = Main.storyboard;
			sourceTree = "<group>";
		};
		9C23EE522374CB9A00AD889E /* LaunchScreen.storyboard */ = {
			isa = PBXVariantGroup;
			children = (
				9C23EE532374CB9A00AD889E /* Base */,
			);
			name = LaunchScreen.storyboard;
			sourceTree = "<group>";
		};
/* End PBXVariantGroup section */

/* Begin XCBuildConfiguration section */
		9C23EE562374CB9A00AD889E /* Debug */ = {
			isa = XCBuildConfiguration;
			buildSettings = {
				ALWAYS_SEARCH_USER_PATHS = NO;
				CLANG_ANALYZER_NONNULL = YES;
				CLANG_ANALYZER_NUMBER_OBJECT_CONVERSION = YES_AGGRESSIVE;
				CLANG_CXX_LANGUAGE_STANDARD = "gnu++14";
				CLANG_CXX_LIBRARY = "libc++";
				CLANG_ENABLE_MODULES = YES;
				CLANG_ENABLE_OBJC_ARC = YES;
				CLANG_ENABLE_OBJC_WEAK = YES;
				CLANG_WARN_BLOCK_CAPTURE_AUTORELEASING = YES;
				CLANG_WARN_BOOL_CONVERSION = YES;
				CLANG_WARN_COMMA = YES;
				CLANG_WARN_CONSTANT_CONVERSION = YES;
				CLANG_WARN_DEPRECATED_OBJC_IMPLEMENTATIONS = YES;
				CLANG_WARN_DIRECT_OBJC_ISA_USAGE = YES_ERROR;
				CLANG_WARN_DOCUMENTATION_COMMENTS = YES;
				CLANG_WARN_EMPTY_BODY = YES;
				CLANG_WARN_ENUM_CONVERSION = YES;
				CLANG_WARN_INFINITE_RECURSION = YES;
				CLANG_WARN_INT_CONVERSION = YES;
				CLANG_WARN_NON_LITERAL_NULL_CONVERSION = YES;
				CLANG_WARN_OBJC_IMPLICIT_RETAIN_SELF = YES;
				CLANG_WARN_OBJC_LITERAL_CONVERSION = YES;
				CLANG_WARN_OBJC_ROOT_CLASS = YES_ERROR;
				CLANG_WARN_RANGE_LOOP_ANALYSIS = YES;
				CLANG_WARN_STRICT_PROTOTYPES = YES;
				CLANG_WARN_SUSPICIOUS_MOVE = YES;
				CLANG_WARN_UNGUARDED_AVAILABILITY = YES_AGGRESSIVE;
				CLANG_WARN_UNREACHABLE_CODE = YES;
				CLANG_WARN__DUPLICATE_METHOD_MATCH = YES;
				COPY_PHASE_STRIP = NO;
				DEBUG_INFORMATION_FORMAT = dwarf;
				ENABLE_STRICT_OBJC_MSGSEND = YES;
				ENABLE_TESTABILITY = YES;
				GCC_C_LANGUAGE_STANDARD = gnu11;
				GCC_DYNAMIC_NO_PIC = NO;
				GCC_NO_COMMON_BLOCKS = YES;
				GCC_OPTIMIZATION_LEVEL = 0;
				GCC_PREPROCESSOR_DEFINITIONS = (
					"DEBUG=1",
					"$(inherited)",
				);
				GCC_WARN_64_TO_32_BIT_CONVERSION = YES;
				GCC_WARN_ABOUT_RETURN_TYPE = YES_ERROR;
				GCC_WARN_UNDECLARED_SELECTOR = YES;
				GCC_WARN_UNINITIALIZED_AUTOS = YES_AGGRESSIVE;
				GCC_WARN_UNUSED_FUNCTION = YES;
				GCC_WARN_UNUSED_VARIABLE = YES;
				IPHONEOS_DEPLOYMENT_TARGET = 13.1;
				MTL_ENABLE_DEBUG_INFO = INCLUDE_SOURCE;
				MTL_FAST_MATH = YES;
				ONLY_ACTIVE_ARCH = YES;
				SDKROOT = iphoneos;
				SWIFT_ACTIVE_COMPILATION_CONDITIONS = DEBUG;
				SWIFT_OPTIMIZATION_LEVEL = "-Onone";
			};
			name = Debug;
		};
		9C23EE572374CB9A00AD889E /* Release */ = {
			isa = XCBuildConfiguration;
			buildSettings = {
				ALWAYS_SEARCH_USER_PATHS = NO;
				CLANG_ANALYZER_NONNULL = YES;
				CLANG_ANALYZER_NUMBER_OBJECT_CONVERSION = YES_AGGRESSIVE;
				CLANG_CXX_LANGUAGE_STANDARD = "gnu++14";
				CLANG_CXX_LIBRARY = "libc++";
				CLANG_ENABLE_MODULES = YES;
				CLANG_ENABLE_OBJC_ARC = YES;
				CLANG_ENABLE_OBJC_WEAK = YES;
				CLANG_WARN_BLOCK_CAPTURE_AUTORELEASING = YES;
				CLANG_WARN_BOOL_CONVERSION = YES;
				CLANG_WARN_COMMA = YES;
				CLANG_WARN_CONSTANT_CONVERSION = YES;
				CLANG_WARN_DEPRECATED_OBJC_IMPLEMENTATIONS = YES;
				CLANG_WARN_DIRECT_OBJC_ISA_USAGE = YES_ERROR;
				CLANG_WARN_DOCUMENTATION_COMMENTS = YES;
				CLANG_WARN_EMPTY_BODY = YES;
				CLANG_WARN_ENUM_CONVERSION = YES;
				CLANG_WARN_INFINITE_RECURSION = YES;
				CLANG_WARN_INT_CONVERSION = YES;
				CLANG_WARN_NON_LITERAL_NULL_CONVERSION = YES;
				CLANG_WARN_OBJC_IMPLICIT_RETAIN_SELF = YES;
				CLANG_WARN_OBJC_LITERAL_CONVERSION = YES;
				CLANG_WARN_OBJC_ROOT_CLASS = YES_ERROR;
				CLANG_WARN_RANGE_LOOP_ANALYSIS = YES;
				CLANG_WARN_STRICT_PROTOTYPES = YES;
				CLANG_WARN_SUSPICIOUS_MOVE = YES;
				CLANG_WARN_UNGUARDED_AVAILABILITY = YES_AGGRESSIVE;
				CLANG_WARN_UNREACHABLE_CODE = YES;
				CLANG_WARN__DUPLICATE_METHOD_MATCH = YES;
				COPY_PHASE_STRIP = NO;
				DEBUG_INFORMATION_FORMAT = "dwarf-with-dsym";
				ENABLE_NS_ASSERTIONS = NO;
				ENABLE_STRICT_OBJC_MSGSEND = YES;
				GCC_C_LANGUAGE_STANDARD = gnu11;
				GCC_NO_COMMON_BLOCKS = YES;
				GCC_WARN_64_TO_32_BIT_CONVERSION = YES;
				GCC_WARN_ABOUT_RETURN_TYPE = YES_ERROR;
				GCC_WARN_UNDECLARED_SELECTOR = YES;
				GCC_WARN_UNINITIALIZED_AUTOS = YES_AGGRESSIVE;
				GCC_WARN_UNUSED_FUNCTION = YES;
				GCC_WARN_UNUSED_VARIABLE = YES;
				IPHONEOS_DEPLOYMENT_TARGET = 13.1;
				MTL_ENABLE_DEBUG_INFO = NO;
				MTL_FAST_MATH = YES;
				SDKROOT = iphoneos;
				SWIFT_COMPILATION_MODE = wholemodule;
				SWIFT_OPTIMIZATION_LEVEL = "-O";
				VALIDATE_PRODUCT = YES;
			};
			name = Release;
		};
		9C23EE592374CB9A00AD889E /* Debug */ = {
			isa = XCBuildConfiguration;
			buildSettings = {
				ASSETCATALOG_COMPILER_APPICON_NAME = AppIcon;
				CODE_SIGN_STYLE = Automatic;
				DEVELOPMENT_TEAM = H6Q8967VRS;
				INFOPLIST_FILE = RegForm/Info.plist;
				LD_RUNPATH_SEARCH_PATHS = (
					"$(inherited)",
					"@executable_path/Frameworks",
				);
				PRODUCT_BUNDLE_IDENTIFIER = "Alexander-Volkov.RegForm";
				PRODUCT_NAME = "$(TARGET_NAME)";
				SWIFT_VERSION = 5.0;
				TARGETED_DEVICE_FAMILY = 1;
			};
			name = Debug;
		};
		9C23EE5A2374CB9A00AD889E /* Release */ = {
			isa = XCBuildConfiguration;
			buildSettings = {
				ASSETCATALOG_COMPILER_APPICON_NAME = AppIcon;
				CODE_SIGN_STYLE = Automatic;
				DEVELOPMENT_TEAM = H6Q8967VRS;
				INFOPLIST_FILE = RegForm/Info.plist;
				LD_RUNPATH_SEARCH_PATHS = (
					"$(inherited)",
					"@executable_path/Frameworks",
				);
				PRODUCT_BUNDLE_IDENTIFIER = "Alexander-Volkov.RegForm";
				PRODUCT_NAME = "$(TARGET_NAME)";
				SWIFT_VERSION = 5.0;
				TARGETED_DEVICE_FAMILY = 1;
			};
			name = Release;
		};
/* End XCBuildConfiguration section */

/* Begin XCConfigurationList section */
		9C23EE3C2374CB9800AD889E /* Build configuration list for PBXProject "RegForm" */ = {
			isa = XCConfigurationList;
			buildConfigurations = (
				9C23EE562374CB9A00AD889E /* Debug */,
				9C23EE572374CB9A00AD889E /* Release */,
			);
			defaultConfigurationIsVisible = 0;
			defaultConfigurationName = Release;
		};
		9C23EE582374CB9A00AD889E /* Build configuration list for PBXNativeTarget "RegForm" */ = {
			isa = XCConfigurationList;
			buildConfigurations = (
				9C23EE592374CB9A00AD889E /* Debug */,
				9C23EE5A2374CB9A00AD889E /* Release */,
			);
			defaultConfigurationIsVisible = 0;
			defaultConfigurationName = Release;
		};
/* End XCConfigurationList section */

/* Begin XCVersionGroup section */
		9C23EE4D2374CB9800AD889E /* RegForm.xcdatamodeld */ = {
			isa = XCVersionGroup;
			children = (
				9C23EE4E2374CB9800AD889E /* RegForm.xcdatamodel */,
			);
			currentVersion = 9C23EE4E2374CB9800AD889E /* RegForm.xcdatamodel */;
			path = RegForm.xcdatamodeld;
			sourceTree = "<group>";
			versionGroupType = wrapper.xcdatamodel;
		};
/* End XCVersionGroup section */
	};
	rootObject = 9C23EE392374CB9800AD889E /* Project object */;
}
